{
	"name": "sveltekit",
	"version": "0.0.1",
	"lockfileVersion": 3,
	"requires": true,
	"packages": {
		"": {
			"name": "sveltekit",
			"version": "0.0.1",
			"devDependencies": {
				"@fontsource/fira-mono": "^4.5.10",
				"@neoconfetti/svelte": "^1.0.0",
				"@sveltejs/adapter-auto": "^2.0.0",
				"@sveltejs/kit": "^1.5.0",
				"svelte": "^3.54.0",
				"vite": "^4.3.0"
			}
		},
		"node_modules/@esbuild/android-arm": {
			"version": "0.17.19",
			"resolved": "https://artifacts.schibsted.io/artifactory/api/npm/npm-virtual/@esbuild/android-arm/-/android-arm-0.17.19.tgz",
			"integrity": "sha1-WJj3gywimLx9CrU3AcV763TXi00=",
			"cpu": [
				"arm"
			],
			"dev": true,
			"license": "MIT",
			"optional": true,
			"os": [
				"android"
			],
			"engines": {
				"node": ">=12"
			}
		},
		"node_modules/@esbuild/android-arm64": {
			"version": "0.17.19",
			"resolved": "https://artifacts.schibsted.io/artifactory/api/npm/npm-virtual/@esbuild/android-arm64/-/android-arm64-0.17.19.tgz",
			"integrity": "sha1-uvt1I0pdPRtpDnwpVqWZNF6Eov0=",
			"cpu": [
				"arm64"
			],
			"dev": true,
			"license": "MIT",
			"optional": true,
			"os": [
				"android"
			],
			"engines": {
				"node": ">=12"
			}
		},
		"node_modules/@esbuild/android-x64": {
			"version": "0.17.19",
			"resolved": "https://artifacts.schibsted.io/artifactory/api/npm/npm-virtual/@esbuild/android-x64/-/android-x64-0.17.19.tgz",
			"integrity": "sha1-ZYNo75IGeGbZX7JocZ+Y82PROuE=",
			"cpu": [
				"x64"
			],
			"dev": true,
			"license": "MIT",
			"optional": true,
			"os": [
				"android"
			],
			"engines": {
				"node": ">=12"
			}
		},
		"node_modules/@esbuild/darwin-arm64": {
			"version": "0.17.19",
			"resolved": "https://artifacts.schibsted.io/artifactory/api/npm/npm-virtual/@esbuild/darwin-arm64/-/darwin-arm64-0.17.19.tgz",
			"integrity": "sha1-WEw0xZkbldTUjTMzALGk4v974nY=",
			"cpu": [
				"arm64"
			],
			"dev": true,
			"license": "MIT",
			"optional": true,
			"os": [
				"darwin"
			],
			"engines": {
				"node": ">=12"
			}
		},
		"node_modules/@esbuild/darwin-x64": {
			"version": "0.17.19",
			"resolved": "https://artifacts.schibsted.io/artifactory/api/npm/npm-virtual/@esbuild/darwin-x64/-/darwin-x64-0.17.19.tgz",
			"integrity": "sha1-d1HSNt/mzhNszjQ9zmn1LXa39ss=",
			"cpu": [
				"x64"
			],
			"dev": true,
			"license": "MIT",
			"optional": true,
			"os": [
				"darwin"
			],
			"engines": {
				"node": ">=12"
			}
		},
		"node_modules/@esbuild/freebsd-arm64": {
			"version": "0.17.19",
			"resolved": "https://artifacts.schibsted.io/artifactory/api/npm/npm-virtual/@esbuild/freebsd-arm64/-/freebsd-arm64-0.17.19.tgz",
			"integrity": "sha1-ys0XFmXdHVAPRcFn1QxrflOdX9I=",
			"cpu": [
				"arm64"
			],
			"dev": true,
			"license": "MIT",
			"optional": true,
			"os": [
				"freebsd"
			],
			"engines": {
				"node": ">=12"
			}
		},
		"node_modules/@esbuild/freebsd-x64": {
			"version": "0.17.19",
			"resolved": "https://artifacts.schibsted.io/artifactory/api/npm/npm-virtual/@esbuild/freebsd-x64/-/freebsd-x64-0.17.19.tgz",
			"integrity": "sha1-B2lFbu4qCLjZJdfAC3noYcsxYuQ=",
			"cpu": [
				"x64"
			],
			"dev": true,
			"license": "MIT",
			"optional": true,
			"os": [
				"freebsd"
			],
			"engines": {
				"node": ">=12"
			}
		},
		"node_modules/@esbuild/linux-arm": {
			"version": "0.17.19",
			"resolved": "https://artifacts.schibsted.io/artifactory/api/npm/npm-virtual/@esbuild/linux-arm/-/linux-arm-0.17.19.tgz",
			"integrity": "sha1-GizTmcUAQBhKgFF0ptiQl9nRVZo=",
			"cpu": [
				"arm"
			],
			"dev": true,
			"license": "MIT",
			"optional": true,
			"os": [
				"linux"
			],
			"engines": {
				"node": ">=12"
			}
		},
		"node_modules/@esbuild/linux-arm64": {
			"version": "0.17.19",
			"resolved": "https://artifacts.schibsted.io/artifactory/api/npm/npm-virtual/@esbuild/linux-arm64/-/linux-arm64-0.17.19.tgz",
			"integrity": "sha1-OOFi7Lcjhixr4cJ9Y4n0iWC2jts=",
			"cpu": [
				"arm64"
			],
			"dev": true,
			"license": "MIT",
			"optional": true,
			"os": [
				"linux"
			],
			"engines": {
				"node": ">=12"
			}
		},
		"node_modules/@esbuild/linux-ia32": {
			"version": "0.17.19",
			"resolved": "https://artifacts.schibsted.io/artifactory/api/npm/npm-virtual/@esbuild/linux-ia32/-/linux-ia32-0.17.19.tgz",
			"integrity": "sha1-4owlJmsDbOHKvKPDAVUiKEHcA1o=",
			"cpu": [
				"ia32"
			],
			"dev": true,
			"license": "MIT",
			"optional": true,
			"os": [
				"linux"
			],
			"engines": {
				"node": ">=12"
			}
		},
		"node_modules/@esbuild/linux-loong64": {
			"version": "0.17.19",
			"resolved": "https://artifacts.schibsted.io/artifactory/api/npm/npm-virtual/@esbuild/linux-loong64/-/linux-loong64-0.17.19.tgz",
			"integrity": "sha1-D4h7i7P5BljRoBFyg+VdvUydz3I=",
			"cpu": [
				"loong64"
			],
			"dev": true,
			"license": "MIT",
			"optional": true,
			"os": [
				"linux"
			],
			"engines": {
				"node": ">=12"
			}
		},
		"node_modules/@esbuild/linux-mips64el": {
			"version": "0.17.19",
			"resolved": "https://artifacts.schibsted.io/artifactory/api/npm/npm-virtual/@esbuild/linux-mips64el/-/linux-mips64el-0.17.19.tgz",
			"integrity": "sha1-9dKguAR+qaXZ9ZKheOoFQFOnAok=",
			"cpu": [
				"mips64el"
			],
			"dev": true,
			"license": "MIT",
			"optional": true,
			"os": [
				"linux"
			],
			"engines": {
				"node": ">=12"
			}
		},
		"node_modules/@esbuild/linux-ppc64": {
			"version": "0.17.19",
			"resolved": "https://artifacts.schibsted.io/artifactory/api/npm/npm-virtual/@esbuild/linux-ppc64/-/linux-ppc64-0.17.19.tgz",
			"integrity": "sha1-h2WQ46y9n6f1eix9hvg3F9u6yMc=",
			"cpu": [
				"ppc64"
			],
			"dev": true,
			"license": "MIT",
			"optional": true,
			"os": [
				"linux"
			],
			"engines": {
				"node": ">=12"
			}
		},
		"node_modules/@esbuild/linux-riscv64": {
			"version": "0.17.19",
			"resolved": "https://artifacts.schibsted.io/artifactory/api/npm/npm-virtual/@esbuild/linux-riscv64/-/linux-riscv64-0.17.19.tgz",
			"integrity": "sha1-f0k3PfRjzZ9B3DT5siYtdxaIvwk=",
			"cpu": [
				"riscv64"
			],
			"dev": true,
			"license": "MIT",
			"optional": true,
			"os": [
				"linux"
			],
			"engines": {
				"node": ">=12"
			}
		},
		"node_modules/@esbuild/linux-s390x": {
			"version": "0.17.19",
			"resolved": "https://artifacts.schibsted.io/artifactory/api/npm/npm-virtual/@esbuild/linux-s390x/-/linux-s390x-0.17.19.tgz",
			"integrity": "sha1-4q/Rr8r2Ov4sfZzqzSjsV8d/iCk=",
			"cpu": [
				"s390x"
			],
			"dev": true,
			"license": "MIT",
			"optional": true,
			"os": [
				"linux"
			],
			"engines": {
				"node": ">=12"
			}
		},
		"node_modules/@esbuild/linux-x64": {
			"version": "0.17.19",
			"resolved": "https://artifacts.schibsted.io/artifactory/api/npm/npm-virtual/@esbuild/linux-x64/-/linux-x64-0.17.19.tgz",
			"integrity": "sha1-ig6XOLFjXwxTOJ5RWug4Jt7CKqQ=",
			"cpu": [
				"x64"
			],
			"dev": true,
			"license": "MIT",
			"optional": true,
			"os": [
				"linux"
			],
			"engines": {
				"node": ">=12"
			}
		},
		"node_modules/@esbuild/netbsd-x64": {
			"version": "0.17.19",
			"resolved": "https://artifacts.schibsted.io/artifactory/api/npm/npm-virtual/@esbuild/netbsd-x64/-/netbsd-x64-0.17.19.tgz",
			"integrity": "sha1-wp+yRTxrfd75o14sGLN72hrlxGI=",
			"cpu": [
				"x64"
			],
			"dev": true,
			"license": "MIT",
			"optional": true,
			"os": [
				"netbsd"
			],
			"engines": {
				"node": ">=12"
			}
		},
		"node_modules/@esbuild/openbsd-x64": {
			"version": "0.17.19",
			"resolved": "https://artifacts.schibsted.io/artifactory/api/npm/npm-virtual/@esbuild/openbsd-x64/-/openbsd-x64-0.17.19.tgz",
			"integrity": "sha1-ledaORQDyxApcoDVJNZs4EySBpE=",
			"cpu": [
				"x64"
			],
			"dev": true,
			"license": "MIT",
			"optional": true,
			"os": [
				"openbsd"
			],
			"engines": {
				"node": ">=12"
			}
		},
		"node_modules/@esbuild/sunos-x64": {
			"version": "0.17.19",
			"resolved": "https://artifacts.schibsted.io/artifactory/api/npm/npm-virtual/@esbuild/sunos-x64/-/sunos-x64-0.17.19.tgz",
			"integrity": "sha1-ci6vBXuDwldZN9P/5a6xZUDacnM=",
			"cpu": [
				"x64"
			],
			"dev": true,
			"license": "MIT",
			"optional": true,
			"os": [
				"sunos"
			],
			"engines": {
				"node": ">=12"
			}
		},
		"node_modules/@esbuild/win32-arm64": {
			"version": "0.17.19",
			"resolved": "https://artifacts.schibsted.io/artifactory/api/npm/npm-virtual/@esbuild/win32-arm64/-/win32-arm64-0.17.19.tgz",
			"integrity": "sha1-mqncB0OZKIvc3Sg0Q+mutrlVK28=",
			"cpu": [
				"arm64"
			],
			"dev": true,
			"license": "MIT",
			"optional": true,
			"os": [
				"win32"
			],
			"engines": {
				"node": ">=12"
			}
		},
		"node_modules/@esbuild/win32-ia32": {
			"version": "0.17.19",
			"resolved": "https://artifacts.schibsted.io/artifactory/api/npm/npm-virtual/@esbuild/win32-ia32/-/win32-ia32-0.17.19.tgz",
			"integrity": "sha1-la1DxirWJIXiEPYpnHslceSNKwM=",
			"cpu": [
				"ia32"
			],
			"dev": true,
			"license": "MIT",
			"optional": true,
			"os": [
				"win32"
			],
			"engines": {
				"node": ">=12"
			}
		},
		"node_modules/@esbuild/win32-x64": {
			"version": "0.17.19",
			"resolved": "https://artifacts.schibsted.io/artifactory/api/npm/npm-virtual/@esbuild/win32-x64/-/win32-x64-0.17.19.tgz",
			"integrity": "sha1-jPry/2A+mqu5EOnAVYwmzzJ0QGE=",
			"cpu": [
				"x64"
			],
			"dev": true,
			"license": "MIT",
			"optional": true,
			"os": [
				"win32"
			],
			"engines": {
				"node": ">=12"
			}
		},
		"node_modules/@fontsource/fira-mono": {
			"version": "4.5.10",
			"resolved": "https://artifacts.schibsted.io/artifactory/api/npm/npm-virtual/@fontsource/fira-mono/-/fira-mono-4.5.10.tgz",
			"integrity": "sha1-RDvksrT8bmhbiEMfz9r41fVjm78=",
			"dev": true,
			"license": "MIT"
		},
		"node_modules/@jridgewell/sourcemap-codec": {
			"version": "1.4.15",
			"resolved": "https://artifacts.schibsted.io/artifactory/api/npm/npm-virtual/@jridgewell/sourcemap-codec/-/sourcemap-codec-1.4.15.tgz",
			"integrity": "sha1-18bmdVx4VnqVHgSrUu8P0m3lnzI=",
			"dev": true,
			"license": "MIT"
		},
		"node_modules/@neoconfetti/svelte": {
			"version": "1.0.0",
			"resolved": "https://artifacts.schibsted.io/artifactory/api/npm/npm-virtual/@neoconfetti/svelte/-/svelte-1.0.0.tgz",
			"integrity": "sha1-hKf5iYGtVG2VnYyZRg2ozr33AwE=",
			"dev": true,
			"license": "MIT"
		},
		"node_modules/@polka/url": {
			"version": "1.0.0-next.21",
			"resolved": "https://artifacts.schibsted.io/artifactory/api/npm/npm-virtual/@polka/url/-/url-1.0.0-next.21.tgz",
			"integrity": "sha1-XeWiOFo1MJQn9gEZkrVEUU1VmqE=",
			"dev": true,
			"license": "MIT"
		},
		"node_modules/@sveltejs/adapter-auto": {
			"version": "2.1.0",
			"resolved": "https://artifacts.schibsted.io/artifactory/api/npm/npm-virtual/@sveltejs/adapter-auto/-/adapter-auto-2.1.0.tgz",
			"integrity": "sha1-yzb9cIHjxLHJqRkrGiPIyC3Oihs=",
			"dev": true,
			"license": "MIT",
			"dependencies": {
				"import-meta-resolve": "^3.0.0"
			},
			"peerDependencies": {
				"@sveltejs/kit": "^1.0.0"
			}
		},
		"node_modules/@sveltejs/kit": {
			"version": "1.20.0",
			"resolved": "https://artifacts.schibsted.io/artifactory/api/npm/npm-virtual/@sveltejs/kit/-/kit-1.20.0.tgz",
			"integrity": "sha1-Xe7Zabrdos2dTGjFgDYsSSQlvnU=",
			"dev": true,
			"hasInstallScript": true,
			"license": "MIT",
			"dependencies": {
				"@sveltejs/vite-plugin-svelte": "^2.4.1",
				"@types/cookie": "^0.5.1",
				"cookie": "^0.5.0",
				"devalue": "^4.3.1",
				"esm-env": "^1.0.0",
				"kleur": "^4.1.5",
				"magic-string": "^0.30.0",
				"mime": "^3.0.0",
				"sade": "^1.8.1",
				"set-cookie-parser": "^2.6.0",
				"sirv": "^2.0.2",
				"tiny-glob": "^0.2.9",
				"undici": "~5.22.0"
			},
			"bin": {
				"svelte-kit": "svelte-kit.js"
			},
			"engines": {
				"node": "^16.14 || >=18"
			},
			"peerDependencies": {
				"svelte": "^3.54.0 || ^4.0.0-next.0",
				"vite": "^4.0.0"
			}
		},
		"node_modules/@sveltejs/vite-plugin-svelte": {
			"version": "2.4.1",
			"resolved": "https://artifacts.schibsted.io/artifactory/api/npm/npm-virtual/@sveltejs/vite-plugin-svelte/-/vite-plugin-svelte-2.4.1.tgz",
			"integrity": "sha1-urnZeoP+5kFWLyZXzm6nVYCLwUk=",
			"dev": true,
			"license": "MIT",
			"dependencies": {
				"@sveltejs/vite-plugin-svelte-inspector": "^1.0.2",
				"debug": "^4.3.4",
				"deepmerge": "^4.3.1",
				"kleur": "^4.1.5",
				"magic-string": "^0.30.0",
				"svelte-hmr": "^0.15.1",
				"vitefu": "^0.2.4"
			},
			"engines": {
				"node": "^14.18.0 || >= 16"
			},
			"peerDependencies": {
				"svelte": "^3.54.0 || ^4.0.0-next.0",
				"vite": "^4.0.0"
			}
		},
		"node_modules/@sveltejs/vite-plugin-svelte-inspector": {
			"version": "1.0.2",
			"resolved": "https://artifacts.schibsted.io/artifactory/api/npm/npm-virtual/@sveltejs/vite-plugin-svelte-inspector/-/vite-plugin-svelte-inspector-1.0.2.tgz",
			"integrity": "sha1-2lHdjaVOaacGrUeTED+QrtrixIE=",
			"dev": true,
			"license": "MIT",
			"dependencies": {
				"debug": "^4.3.4"
			},
			"engines": {
				"node": "^14.18.0 || >= 16"
			},
			"peerDependencies": {
				"@sveltejs/vite-plugin-svelte": "^2.2.0",
				"svelte": "^3.54.0 || ^4.0.0-next.0",
				"vite": "^4.0.0"
			}
		},
		"node_modules/@types/cookie": {
			"version": "0.5.1",
			"resolved": "https://artifacts.schibsted.io/artifactory/api/npm/npm-virtual/@types/cookie/-/cookie-0.5.1.tgz",
			"integrity": "sha1-spqh+RpZ814p/498sk+vGjp1BVQ=",
			"dev": true,
			"license": "MIT"
		},
		"node_modules/busboy": {
			"version": "1.6.0",
			"resolved": "https://artifacts.schibsted.io/artifactory/api/npm/npm-virtual/busboy/-/busboy-1.6.0.tgz",
			"integrity": "sha1-lm6japUC5DzbkUaWJSO5L1MfaJM=",
			"dev": true,
			"dependencies": {
				"streamsearch": "^1.1.0"
			},
			"engines": {
				"node": ">=10.16.0"
			}
		},
		"node_modules/cookie": {
			"version": "0.5.0",
			"resolved": "https://artifacts.schibsted.io/artifactory/api/npm/npm-virtual/cookie/-/cookie-0.5.0.tgz",
			"integrity": "sha1-0fXXGt7GVYxY84mYfDZqpH6ZT4s=",
			"dev": true,
			"license": "MIT",
			"engines": {
				"node": ">= 0.6"
			}
		},
		"node_modules/debug": {
			"version": "4.3.4",
			"resolved": "https://artifacts.schibsted.io/artifactory/api/npm/npm-virtual/debug/-/debug-4.3.4.tgz",
			"integrity": "sha1-Exn2V5NX8jONMzfSzdSRS7XcyGU=",
			"dev": true,
			"license": "MIT",
			"dependencies": {
				"ms": "2.1.2"
			},
			"engines": {
				"node": ">=6.0"
			},
			"peerDependenciesMeta": {
				"supports-color": {
					"optional": true
				}
			}
		},
		"node_modules/deepmerge": {
			"version": "4.3.1",
			"resolved": "https://artifacts.schibsted.io/artifactory/api/npm/npm-virtual/deepmerge/-/deepmerge-4.3.1.tgz",
			"integrity": "sha1-RLXyFHzTsA1LVhN2hZZvJv0l3Uo=",
			"dev": true,
			"license": "MIT",
			"engines": {
				"node": ">=0.10.0"
			}
		},
		"node_modules/devalue": {
			"version": "4.3.2",
			"resolved": "https://artifacts.schibsted.io/artifactory/api/npm/npm-virtual/devalue/-/devalue-4.3.2.tgz",
			"integrity": "sha1-zETkzzhyrFp4Ip+847d+VwMnJ7U=",
			"dev": true,
			"license": "MIT"
		},
		"node_modules/esbuild": {
			"version": "0.17.19",
			"resolved": "https://artifacts.schibsted.io/artifactory/api/npm/npm-virtual/esbuild/-/esbuild-0.17.19.tgz",
			"integrity": "sha1-CHpyfpgpnwRio9C83ZzX/xAL2VU=",
			"dev": true,
			"hasInstallScript": true,
			"license": "MIT",
			"bin": {
				"esbuild": "bin/esbuild"
			},
			"engines": {
				"node": ">=12"
			},
			"optionalDependencies": {
				"@esbuild/android-arm": "0.17.19",
				"@esbuild/android-arm64": "0.17.19",
				"@esbuild/android-x64": "0.17.19",
				"@esbuild/darwin-arm64": "0.17.19",
				"@esbuild/darwin-x64": "0.17.19",
				"@esbuild/freebsd-arm64": "0.17.19",
				"@esbuild/freebsd-x64": "0.17.19",
				"@esbuild/linux-arm": "0.17.19",
				"@esbuild/linux-arm64": "0.17.19",
				"@esbuild/linux-ia32": "0.17.19",
				"@esbuild/linux-loong64": "0.17.19",
				"@esbuild/linux-mips64el": "0.17.19",
				"@esbuild/linux-ppc64": "0.17.19",
				"@esbuild/linux-riscv64": "0.17.19",
				"@esbuild/linux-s390x": "0.17.19",
				"@esbuild/linux-x64": "0.17.19",
				"@esbuild/netbsd-x64": "0.17.19",
				"@esbuild/openbsd-x64": "0.17.19",
				"@esbuild/sunos-x64": "0.17.19",
				"@esbuild/win32-arm64": "0.17.19",
				"@esbuild/win32-ia32": "0.17.19",
				"@esbuild/win32-x64": "0.17.19"
			}
		},
		"node_modules/esm-env": {
			"version": "1.0.0",
			"resolved": "https://artifacts.schibsted.io/artifactory/api/npm/npm-virtual/esm-env/-/esm-env-1.0.0.tgz",
			"integrity": "sha1-sSS0CxgHEWkKTLmwDRZXM5GVBBM=",
			"dev": true,
			"license": "MIT"
		},
		"node_modules/fsevents": {
			"version": "2.3.2",
			"resolved": "https://artifacts.schibsted.io/artifactory/api/npm/npm-virtual/fsevents/-/fsevents-2.3.2.tgz",
			"integrity": "sha1-ilJveLj99GI7cJ4Ll1xSwkwC/Ro=",
			"dev": true,
			"hasInstallScript": true,
			"license": "MIT",
			"optional": true,
			"os": [
				"darwin"
			],
			"engines": {
				"node": "^8.16.0 || ^10.6.0 || >=11.0.0"
			}
		},
		"node_modules/globalyzer": {
			"version": "0.1.0",
			"resolved": "https://artifacts.schibsted.io/artifactory/api/npm/npm-virtual/globalyzer/-/globalyzer-0.1.0.tgz",
			"integrity": "sha1-y3baeVVWaaFRnVqO3wk6+qC/FGU=",
			"dev": true,
			"license": "MIT"
		},
		"node_modules/globrex": {
			"version": "0.1.2",
			"resolved": "https://artifacts.schibsted.io/artifactory/api/npm/npm-virtual/globrex/-/globrex-0.1.2.tgz",
			"integrity": "sha1-3V2eyCYjJzDNZ5Ol4zqTApheYJg=",
			"dev": true,
			"license": "MIT"
		},
		"node_modules/import-meta-resolve": {
			"version": "3.0.0",
			"resolved": "https://artifacts.schibsted.io/artifactory/api/npm/npm-virtual/import-meta-resolve/-/import-meta-resolve-3.0.0.tgz",
			"integrity": "sha1-lKaqvGI4dPvC81JewTANtxxsvBE=",
			"dev": true,
			"license": "MIT",
			"funding": {
				"type": "github",
				"url": "https://github.com/sponsors/wooorm"
			}
		},
		"node_modules/kleur": {
			"version": "4.1.5",
			"resolved": "https://artifacts.schibsted.io/artifactory/api/npm/npm-virtual/kleur/-/kleur-4.1.5.tgz",
			"integrity": "sha1-lRBhAXlfcFDGxlDzUMaD/r3bF4A=",
			"dev": true,
			"license": "MIT",
			"engines": {
				"node": ">=6"
			}
		},
		"node_modules/magic-string": {
			"version": "0.30.0",
			"resolved": "https://artifacts.schibsted.io/artifactory/api/npm/npm-virtual/magic-string/-/magic-string-0.30.0.tgz",
			"integrity": "sha1-/VikdIxcRUczikJOkPpd0X9N5Sk=",
			"dev": true,
			"license": "MIT",
			"dependencies": {
				"@jridgewell/sourcemap-codec": "^1.4.13"
			},
			"engines": {
				"node": ">=12"
			}
		},
		"node_modules/mime": {
			"version": "3.0.0",
			"resolved": "https://artifacts.schibsted.io/artifactory/api/npm/npm-virtual/mime/-/mime-3.0.0.tgz",
			"integrity": "sha1-s3RVDco6DBhEOwyVCmpY8ZMc96c=",
			"dev": true,
			"license": "MIT",
			"bin": {
				"mime": "cli.js"
			},
			"engines": {
				"node": ">=10.0.0"
			}
		},
		"node_modules/mri": {
			"version": "1.2.0",
			"resolved": "https://artifacts.schibsted.io/artifactory/api/npm/npm-virtual/mri/-/mri-1.2.0.tgz",
			"integrity": "sha1-ZyFID+wqEaSImGERWki2y+fMjws=",
			"dev": true,
			"license": "MIT",
			"engines": {
				"node": ">=4"
			}
		},
		"node_modules/mrmime": {
			"version": "1.0.1",
			"resolved": "https://artifacts.schibsted.io/artifactory/api/npm/npm-virtual/mrmime/-/mrmime-1.0.1.tgz",
			"integrity": "sha1-X5DIJfrUvdQdyRTv9dGoz9ryTyc=",
			"dev": true,
			"license": "MIT",
			"engines": {
				"node": ">=10"
			}
		},
		"node_modules/ms": {
			"version": "2.1.2",
			"resolved": "https://artifacts.schibsted.io/artifactory/api/npm/npm-virtual/ms/-/ms-2.1.2.tgz",
			"integrity": "sha1-0J0fNXtEP0kzgqjrPM0YOHKuYAk=",
			"dev": true,
			"license": "MIT"
		},
		"node_modules/nanoid": {
			"version": "3.3.6",
			"resolved": "https://artifacts.schibsted.io/artifactory/api/npm/npm-virtual/nanoid/-/nanoid-3.3.6.tgz",
			"integrity": "sha1-RDOAyFbW6fmCQmfZYLQjatWD6kw=",
			"dev": true,
			"funding": [
				{
					"type": "github",
					"url": "https://github.com/sponsors/ai"
				}
			],
			"license": "MIT",
			"bin": {
				"nanoid": "bin/nanoid.cjs"
			},
			"engines": {
				"node": "^10 || ^12 || ^13.7 || ^14 || >=15.0.1"
			}
		},
		"node_modules/picocolors": {
			"version": "1.0.0",
			"resolved": "https://artifacts.schibsted.io/artifactory/api/npm/npm-virtual/picocolors/-/picocolors-1.0.0.tgz",
			"integrity": "sha1-y1vcdP8/UYkiNur3nWi8RFZKuBw=",
			"dev": true,
			"license": "ISC"
		},
		"node_modules/postcss": {
			"version": "8.4.24",
			"resolved": "https://artifacts.schibsted.io/artifactory/api/npm/npm-virtual/postcss/-/postcss-8.4.24.tgz",
			"integrity": "sha1-9xTbqbIoS+PMB9vS/FfuTcly0t8=",
			"dev": true,
			"funding": [
				{
					"type": "opencollective",
					"url": "https://opencollective.com/postcss/"
				},
				{
					"type": "tidelift",
					"url": "https://tidelift.com/funding/github/npm/postcss"
				},
				{
					"type": "github",
					"url": "https://github.com/sponsors/ai"
				}
			],
			"license": "MIT",
			"dependencies": {
				"nanoid": "^3.3.6",
				"picocolors": "^1.0.0",
				"source-map-js": "^1.0.2"
			},
			"engines": {
				"node": "^10 || ^12 || >=14"
			}
		},
		"node_modules/rollup": {
			"version": "3.23.0",
			"resolved": "https://artifacts.schibsted.io/artifactory/api/npm/npm-virtual/rollup/-/rollup-3.23.0.tgz",
			"integrity": "sha1-uNYUbaxL8FjugX+SggmI6bNYtWQ=",
			"dev": true,
			"license": "MIT",
			"bin": {
				"rollup": "dist/bin/rollup"
			},
			"engines": {
				"node": ">=14.18.0",
				"npm": ">=8.0.0"
			},
			"optionalDependencies": {
				"fsevents": "~2.3.2"
			}
		},
		"node_modules/sade": {
			"version": "1.8.1",
			"resolved": "https://artifacts.schibsted.io/artifactory/api/npm/npm-virtual/sade/-/sade-1.8.1.tgz",
			"integrity": "sha1-CnjoHWWNOUiHvlfSpAm/cDo7JwE=",
			"dev": true,
			"license": "MIT",
			"dependencies": {
				"mri": "^1.1.0"
			},
			"engines": {
				"node": ">=6"
			}
		},
		"node_modules/set-cookie-parser": {
			"version": "2.6.0",
			"resolved": "https://artifacts.schibsted.io/artifactory/api/npm/npm-virtual/set-cookie-parser/-/set-cookie-parser-2.6.0.tgz",
			"integrity": "sha1-Exkh5Q9i/xpmpGHX1i17IdXRWlE=",
			"dev": true,
			"license": "MIT"
		},
		"node_modules/sirv": {
			"version": "2.0.3",
			"resolved": "https://artifacts.schibsted.io/artifactory/api/npm/npm-virtual/sirv/-/sirv-2.0.3.tgz",
			"integrity": "sha1-ylhouHIFp0vvYqRp7QKWq87M1EY=",
			"dev": true,
			"license": "MIT",
			"dependencies": {
				"@polka/url": "^1.0.0-next.20",
				"mrmime": "^1.0.0",
				"totalist": "^3.0.0"
			},
			"engines": {
				"node": ">= 10"
			}
		},
		"node_modules/source-map-js": {
			"version": "1.0.2",
			"resolved": "https://artifacts.schibsted.io/artifactory/api/npm/npm-virtual/source-map-js/-/source-map-js-1.0.2.tgz",
			"integrity": "sha1-rbw2HZxi3zgBJefxYfccgm8eSQw=",
			"dev": true,
			"license": "BSD-3-Clause",
			"engines": {
				"node": ">=0.10.0"
			}
		},
		"node_modules/streamsearch": {
			"version": "1.1.0",
			"resolved": "https://artifacts.schibsted.io/artifactory/api/npm/npm-virtual/streamsearch/-/streamsearch-1.1.0.tgz",
			"integrity": "sha1-QE3R4iR8qUr1VOhBqO8OqiONp2Q=",
			"dev": true,
			"engines": {
				"node": ">=10.0.0"
			}
		},
		"node_modules/svelte": {
			"version": "3.59.1",
			"resolved": "https://artifacts.schibsted.io/artifactory/api/npm/npm-virtual/svelte/-/svelte-3.59.1.tgz",
			"integrity": "sha1-PePVa5FldI8y8xMVibjRg8q+dEk=",
			"dev": true,
			"license": "MIT",
			"engines": {
				"node": ">= 8"
			}
		},
		"node_modules/svelte-hmr": {
			"version": "0.15.2",
			"resolved": "https://artifacts.schibsted.io/artifactory/api/npm/npm-virtual/svelte-hmr/-/svelte-hmr-0.15.2.tgz",
			"integrity": "sha1-0vb8guBA8nNKvVTOpcvvRoKPJTg=",
			"dev": true,
			"license": "ISC",
			"engines": {
				"node": "^12.20 || ^14.13.1 || >= 16"
			},
			"peerDependencies": {
				"svelte": "^3.19.0 || ^4.0.0-next.0"
			}
		},
		"node_modules/tiny-glob": {
			"version": "0.2.9",
			"resolved": "https://artifacts.schibsted.io/artifactory/api/npm/npm-virtual/tiny-glob/-/tiny-glob-0.2.9.tgz",
			"integrity": "sha1-IhLUQawXkoAzsRD4s2QGgxKdMeI=",
			"dev": true,
			"license": "MIT",
			"dependencies": {
				"globalyzer": "0.1.0",
				"globrex": "^0.1.2"
			}
		},
		"node_modules/totalist": {
			"version": "3.0.1",
			"resolved": "https://artifacts.schibsted.io/artifactory/api/npm/npm-virtual/totalist/-/totalist-3.0.1.tgz",
			"integrity": "sha1-ujo9YAyRWxqXhyNI95wSdHX2rPg=",
			"dev": true,
			"license": "MIT",
			"engines": {
				"node": ">=6"
			}
		},
		"node_modules/undici": {
			"version": "5.22.1",
			"resolved": "https://artifacts.schibsted.io/artifactory/api/npm/npm-virtual/undici/-/undici-5.22.1.tgz",
			"integrity": "sha1-h31RLv/vKsi+ZeaV81hpIuGlfXs=",
			"dev": true,
			"license": "MIT",
			"dependencies": {
				"busboy": "^1.6.0"
			},
			"engines": {
				"node": ">=14.0"
			}
		},
		"node_modules/vite": {
			"version": "4.3.9",
			"resolved": "https://artifacts.schibsted.io/artifactory/api/npm/npm-virtual/vite/-/vite-4.3.9.tgz",
			"integrity": "sha1-24liAMCxqhOzfNw1yeme4v3V+W0=",
			"dev": true,
			"license": "MIT",
			"dependencies": {
				"esbuild": "^0.17.5",
				"postcss": "^8.4.23",
				"rollup": "^3.21.0"
			},
			"bin": {
				"vite": "bin/vite.js"
			},
			"engines": {
				"node": "^14.18.0 || >=16.0.0"
			},
			"optionalDependencies": {
				"fsevents": "~2.3.2"
			},
			"peerDependencies": {
				"@types/node": ">= 14",
				"less": "*",
				"sass": "*",
				"stylus": "*",
				"sugarss": "*",
				"terser": "^5.4.0"
			},
			"peerDependenciesMeta": {
				"@types/node": {
					"optional": true
				},
				"less": {
					"optional": true
				},
				"sass": {
					"optional": true
				},
				"stylus": {
					"optional": true
				},
				"sugarss": {
					"optional": true
				},
				"terser": {
					"optional": true
				}
			}
		},
		"node_modules/vitefu": {
			"version": "0.2.4",
			"resolved": "https://artifacts.schibsted.io/artifactory/api/npm/npm-virtual/vitefu/-/vitefu-0.2.4.tgz",
			"integrity": "sha1-IS3BqdAlSv5l5Xk1G+1OJdgeCzU=",
			"dev": true,
			"license": "MIT",
			"peerDependencies": {
				"vite": "^3.0.0 || ^4.0.0"
			},
			"peerDependenciesMeta": {
				"vite": {
					"optional": true
				}
			}
		}
	}
}
